
Microsoft Visual Studio Solution File, Format Version 12.00
# Visual Studio 15
VisualStudioVersion = 15.0.28307.572
MinimumVisualStudioVersion = 10.0.40219.1
Project("{9A19103F-16F7-4668-BE54-9A1E7A4F7556}") = "TicketingSystem", "TicketingSystem\TicketingSystem.csproj", "{149F5789-A26F-4B19-8B34-1A4597006DD9}"
EndProject
Project("{FAE04EC0-301F-11D3-BF4B-00C04F79EFBC}") = "TicketingSystem.Services", "TicketingSystem.Services\TicketingSystem.Services.csproj", "{49B6BFC0-A543-4096-8DBE-00811DE7DF1E}"
EndProject
Global
	GlobalSection(SolutionConfigurationPlatforms) = preSolution
		Debug|Any CPU = Debug|Any CPU
		Release|Any CPU = Release|Any CPU
	EndGlobalSection
	GlobalSection(ProjectConfigurationPlatforms) = postSolution
		{149F5789-A26F-4B19-8B34-1A4597006DD9}.Debug|Any CPU.ActiveCfg = Debug|Any CPU
		{149F5789-A26F-4B19-8B34-1A4597006DD9}.Debug|Any CPU.Build.0 = Debug|Any CPU
		{149F5789-A26F-4B19-8B34-1A4597006DD9}.Release|Any CPU.ActiveCfg = Release|Any CPU
		{149F5789-A26F-4B19-8B34-1A4597006DD9}.Release|Any CPU.Build.0 = Release|Any CPU
		{49B6BFC0-A543-4096-8DBE-00811DE7DF1E}.Debug|Any CPU.ActiveCfg = Debug|Any CPU
		{49B6BFC0-A543-4096-8DBE-00811DE7DF1E}.Debug|Any CPU.Build.0 = Debug|Any CPU
		{49B6BFC0-A543-4096-8DBE-00811DE7DF1E}.Release|Any CPU.ActiveCfg = Release|Any CPU
		{49B6BFC0-A543-4096-8DBE-00811DE7DF1E}.Release|Any CPU.Build.0 = Release|Any CPU
	EndGlobalSection
	GlobalSection(SolutionProperties) = preSolution
		HideSolutionNode = FALSE
	EndGlobalSection
	GlobalSection(ExtensibilityGlobals) = postSolution
		SolutionGuid = {F494B6DB-1D74-409B-B390-C2644FA76F85}
	EndGlobalSection
EndGlobal
